
Microsoft Visual Studio Solution File, Format Version 12.00
# Visual Studio 2012
Project("{FAE04EC0-301F-11D3-BF4B-00C04F79EFBC}") = "AcademicPramotions", "AcademicPramotions\AcademicPramotions.csproj", "{E0D62705-9651-476B-838E-5770DF75C46E}"
EndProject
Project("{FAE04EC0-301F-11D3-BF4B-00C04F79EFBC}") = "AcademicPramotions.DataModels", "AcademicPramotions.DataModels\AcademicPramotions.DataModels.csproj", "{40CFFC6E-C1DA-430B-B5E7-C0ADF0A9BA4F}"
EndProject
Project("{FAE04EC0-301F-11D3-BF4B-00C04F79EFBC}") = "AcademicPramotions.DataLayer", "AcademicPramotions.DataLayer\AcademicPramotions.DataLayer.csproj", "{E3F650C9-9413-4BC2-A65C-36CA0BFC02E5}"
EndProject
Project("{FAE04EC0-301F-11D3-BF4B-00C04F79EFBC}") = "AcademicPramotions.Facade", "AcademicPramotions.Facade\AcademicPramotions.Facade.csproj", "{C7088BF8-5ECB-4D69-A528-C70207769B23}"
EndProject
Project("{FAE04EC0-301F-11D3-BF4B-00C04F79EFBC}") = "AcademicPramotions.ViewModels", "AcademicPramotions.ViewModels\AcademicPramotions.ViewModels.csproj", "{21791B78-52B3-4F4E-AD49-3A6B6E9D602E}"
EndProject
Global
	GlobalSection(SolutionConfigurationPlatforms) = preSolution
		Debug|Any CPU = Debug|Any CPU
		Release|Any CPU = Release|Any CPU
	EndGlobalSection
	GlobalSection(ProjectConfigurationPlatforms) = postSolution
		{E0D62705-9651-476B-838E-5770DF75C46E}.Debug|Any CPU.ActiveCfg = Debug|Any CPU
		{E0D62705-9651-476B-838E-5770DF75C46E}.Debug|Any CPU.Build.0 = Debug|Any CPU
		{E0D62705-9651-476B-838E-5770DF75C46E}.Release|Any CPU.ActiveCfg = Release|Any CPU
		{E0D62705-9651-476B-838E-5770DF75C46E}.Release|Any CPU.Build.0 = Release|Any CPU
		{40CFFC6E-C1DA-430B-B5E7-C0ADF0A9BA4F}.Debug|Any CPU.ActiveCfg = Debug|Any CPU
		{40CFFC6E-C1DA-430B-B5E7-C0ADF0A9BA4F}.Debug|Any CPU.Build.0 = Debug|Any CPU
		{40CFFC6E-C1DA-430B-B5E7-C0ADF0A9BA4F}.Release|Any CPU.ActiveCfg = Release|Any CPU
		{40CFFC6E-C1DA-430B-B5E7-C0ADF0A9BA4F}.Release|Any CPU.Build.0 = Release|Any CPU
		{E3F650C9-9413-4BC2-A65C-36CA0BFC02E5}.Debug|Any CPU.ActiveCfg = Debug|Any CPU
		{E3F650C9-9413-4BC2-A65C-36CA0BFC02E5}.Debug|Any CPU.Build.0 = Debug|Any CPU
		{E3F650C9-9413-4BC2-A65C-36CA0BFC02E5}.Release|Any CPU.ActiveCfg = Release|Any CPU
		{E3F650C9-9413-4BC2-A65C-36CA0BFC02E5}.Release|Any CPU.Build.0 = Release|Any CPU
		{C7088BF8-5ECB-4D69-A528-C70207769B23}.Debug|Any CPU.ActiveCfg = Debug|Any CPU
		{C7088BF8-5ECB-4D69-A528-C70207769B23}.Debug|Any CPU.Build.0 = Debug|Any CPU
		{C7088BF8-5ECB-4D69-A528-C70207769B23}.Release|Any CPU.ActiveCfg = Release|Any CPU
		{C7088BF8-5ECB-4D69-A528-C70207769B23}.Release|Any CPU.Build.0 = Release|Any CPU
		{21791B78-52B3-4F4E-AD49-3A6B6E9D602E}.Debug|Any CPU.ActiveCfg = Debug|Any CPU
		{21791B78-52B3-4F4E-AD49-3A6B6E9D602E}.Debug|Any CPU.Build.0 = Debug|Any CPU
		{21791B78-52B3-4F4E-AD49-3A6B6E9D602E}.Release|Any CPU.ActiveCfg = Release|Any CPU
		{21791B78-52B3-4F4E-AD49-3A6B6E9D602E}.Release|Any CPU.Build.0 = Release|Any CPU
	EndGlobalSection
	GlobalSection(SolutionProperties) = preSolution
		HideSolutionNode = FALSE
	EndGlobalSection
EndGlobal
